
Microsoft Visual Studio Solution File, Format Version 12.00
# Visual Studio 15
VisualStudioVersion = 15.0.27004.2009
MinimumVisualStudioVersion = 10.0.40219.1
Project("{FAE04EC0-301F-11D3-BF4B-00C04F79EFBC}") = "NetTest", "NetTest\NetTest.csproj", "{3E4E219C-6E1F-464A-9553-52CA4D1596B3}"
EndProject
Project("{FAE04EC0-301F-11D3-BF4B-00C04F79EFBC}") = "Client", "Client\Client.csproj", "{3FCEB70B-2CE1-405A-829C-C328F7A88904}"
EndProject
Project("{FAE04EC0-301F-11D3-BF4B-00C04F79EFBC}") = "Server", "Server\Server.csproj", "{059A7713-82AC-4DCA-9E09-F70C430A7145}"
EndProject
Global
	GlobalSection(SolutionConfigurationPlatforms) = preSolution
		Debug|Any CPU = Debug|Any CPU
		Release|Any CPU = Release|Any CPU
	EndGlobalSection
	GlobalSection(ProjectConfigurationPlatforms) = postSolution
		{3E4E219C-6E1F-464A-9553-52CA4D1596B3}.Debug|Any CPU.ActiveCfg = Debug|Any CPU
		{3E4E219C-6E1F-464A-9553-52CA4D1596B3}.Debug|Any CPU.Build.0 = Debug|Any CPU
		{3E4E219C-6E1F-464A-9553-52CA4D1596B3}.Release|Any CPU.ActiveCfg = Release|Any CPU
		{3E4E219C-6E1F-464A-9553-52CA4D1596B3}.Release|Any CPU.Build.0 = Release|Any CPU
		{3FCEB70B-2CE1-405A-829C-C328F7A88904}.Debug|Any CPU.ActiveCfg = Debug|Any CPU
		{3FCEB70B-2CE1-405A-829C-C328F7A88904}.Debug|Any CPU.Build.0 = Debug|Any CPU
		{3FCEB70B-2CE1-405A-829C-C328F7A88904}.Release|Any CPU.ActiveCfg = Release|Any CPU
		{3FCEB70B-2CE1-405A-829C-C328F7A88904}.Release|Any CPU.Build.0 = Release|Any CPU
		{059A7713-82AC-4DCA-9E09-F70C430A7145}.Debug|Any CPU.ActiveCfg = Debug|Any CPU
		{059A7713-82AC-4DCA-9E09-F70C430A7145}.Debug|Any CPU.Build.0 = Debug|Any CPU
		{059A7713-82AC-4DCA-9E09-F70C430A7145}.Release|Any CPU.ActiveCfg = Release|Any CPU
		{059A7713-82AC-4DCA-9E09-F70C430A7145}.Release|Any CPU.Build.0 = Release|Any CPU
	EndGlobalSection
	GlobalSection(SolutionProperties) = preSolution
		HideSolutionNode = FALSE
	EndGlobalSection
	GlobalSection(ExtensibilityGlobals) = postSolution
		SolutionGuid = {F0A335BC-6057-45A2-883C-C4942D9D6356}
	EndGlobalSection
EndGlobal
